
Microsoft Visual Studio Solution File, Format Version 12.00
# Visual Studio Version 17
VisualStudioVersion = 17.10.35122.118
MinimumVisualStudioVersion = 10.0.40219.1
Project("{FAE04EC0-301F-11D3-BF4B-00C04F79EFBC}") = "ToSic.Sxc.PersonaBar.Utils", "ToSic.Sxc.PersonaBar.Utils.csproj", "{2A96A455-771F-412E-A8C2-ADAA4BB18E00}"
EndProject
Global
	GlobalSection(SolutionConfigurationPlatforms) = preSolution
		Debug|Any CPU = Debug|Any CPU
		Release|Any CPU = Release|Any CPU
	EndGlobalSection
	GlobalSection(ProjectConfigurationPlatforms) = postSolution
		{2A96A455-771F-412E-A8C2-ADAA4BB18E00}.Debug|Any CPU.ActiveCfg = Debug|Any CPU
		{2A96A455-771F-412E-A8C2-ADAA4BB18E00}.Debug|Any CPU.Build.0 = Debug|Any CPU
		{2A96A455-771F-412E-A8C2-ADAA4BB18E00}.Release|Any CPU.ActiveCfg = Release|Any CPU
		{2A96A455-771F-412E-A8C2-ADAA4BB18E00}.Release|Any CPU.Build.0 = Release|Any CPU
	EndGlobalSection
	GlobalSection(SolutionProperties) = preSolution
		HideSolutionNode = FALSE
	EndGlobalSection
	GlobalSection(ExtensibilityGlobals) = postSolution
		SolutionGuid = {CAC0103F-382D-4F2D-899A-84D0CCC641F0}
	EndGlobalSection
EndGlobal
